
Microsoft Visual Studio Solution File, Format Version 12.00
# Visual Studio Version 16
VisualStudioVersion = 16.0.29009.5
MinimumVisualStudioVersion = 10.0.40219.1
Project("{9A19103F-16F7-4668-BE54-9A1E7A4F7556}") = "HN.Controls.ImageEx.Core", "src\HN.Controls.ImageEx.Core\HN.Controls.ImageEx.Core.csproj", "{DC802B90-24E2-4285-8577-5BD61ECE78E0}"
EndProject
Project("{9A19103F-16F7-4668-BE54-9A1E7A4F7556}") = "HN.Controls.ImageEx.Wpf", "src\HN.Controls.ImageEx.Wpf\HN.Controls.ImageEx.Wpf.csproj", "{A796C158-8BE8-4CB8-A1FA-DA8F7934DF25}"
EndProject
Project("{2150E333-8FDC-42A3-9474-1A3956D46DE8}") = "Solution Items", "Solution Items", "{B066A827-1A17-43D5-8C57-1DDBE6965B23}"
	ProjectSection(SolutionItems) = preProject
		.editorconfig = .editorconfig
		build.cake = build.cake
		build.ps1 = build.ps1
	EndProjectSection
EndProject
Project("{9A19103F-16F7-4668-BE54-9A1E7A4F7556}") = "HN.Controls.ImageEx.Uwp", "src\HN.Controls.ImageEx.Uwp\HN.Controls.ImageEx.Uwp.csproj", "{CD6AAE23-3C9A-45AC-BCC1-32FCE5563C9E}"
EndProject
Project("{2150E333-8FDC-42A3-9474-1A3956D46DE8}") = "src", "src", "{8462F829-D1FE-4623-A6A0-8267D8A63697}"
EndProject
Project("{2150E333-8FDC-42A3-9474-1A3956D46DE8}") = "demo", "demo", "{118D41B3-B052-4C0D-BB18-CA5C0169BA75}"
EndProject
Project("{FAE04EC0-301F-11D3-BF4B-00C04F79EFBC}") = "UwpDemo", "demo\UwpDemo\UwpDemo.csproj", "{EE8B3C29-907A-49DB-9FBE-A6070BEC69E6}"
EndProject
Project("{FAE04EC0-301F-11D3-BF4B-00C04F79EFBC}") = "WpfDemo", "demo\WpfDemo\WpfDemo.csproj", "{3B6AF409-0600-49BF-8C25-256C363E528C}"
EndProject
Global
	GlobalSection(SolutionConfigurationPlatforms) = preSolution
		Debug|Any CPU = Debug|Any CPU
		Debug|ARM = Debug|ARM
		Debug|ARM64 = Debug|ARM64
		Debug|x64 = Debug|x64
		Debug|x86 = Debug|x86
		Release|Any CPU = Release|Any CPU
		Release|ARM = Release|ARM
		Release|ARM64 = Release|ARM64
		Release|x64 = Release|x64
		Release|x86 = Release|x86
	EndGlobalSection
	GlobalSection(ProjectConfigurationPlatforms) = postSolution
		{DC802B90-24E2-4285-8577-5BD61ECE78E0}.Debug|Any CPU.ActiveCfg = Debug|Any CPU
		{DC802B90-24E2-4285-8577-5BD61ECE78E0}.Debug|Any CPU.Build.0 = Debug|Any CPU
		{DC802B90-24E2-4285-8577-5BD61ECE78E0}.Debug|ARM.ActiveCfg = Debug|Any CPU
		{DC802B90-24E2-4285-8577-5BD61ECE78E0}.Debug|ARM.Build.0 = Debug|Any CPU
		{DC802B90-24E2-4285-8577-5BD61ECE78E0}.Debug|ARM64.ActiveCfg = Debug|Any CPU
		{DC802B90-24E2-4285-8577-5BD61ECE78E0}.Debug|ARM64.Build.0 = Debug|Any CPU
		{DC802B90-24E2-4285-8577-5BD61ECE78E0}.Debug|x64.ActiveCfg = Debug|Any CPU
		{DC802B90-24E2-4285-8577-5BD61ECE78E0}.Debug|x64.Build.0 = Debug|Any CPU
		{DC802B90-24E2-4285-8577-5BD61ECE78E0}.Debug|x86.ActiveCfg = Debug|Any CPU
		{DC802B90-24E2-4285-8577-5BD61ECE78E0}.Debug|x86.Build.0 = Debug|Any CPU
		{DC802B90-24E2-4285-8577-5BD61ECE78E0}.Release|Any CPU.ActiveCfg = Release|Any CPU
		{DC802B90-24E2-4285-8577-5BD61ECE78E0}.Release|Any CPU.Build.0 = Release|Any CPU
		{DC802B90-24E2-4285-8577-5BD61ECE78E0}.Release|ARM.ActiveCfg = Release|Any CPU
		{DC802B90-24E2-4285-8577-5BD61ECE78E0}.Release|ARM.Build.0 = Release|Any CPU
		{DC802B90-24E2-4285-8577-5BD61ECE78E0}.Release|ARM64.ActiveCfg = Release|Any CPU
		{DC802B90-24E2-4285-8577-5BD61ECE78E0}.Release|ARM64.Build.0 = Release|Any CPU
		{DC802B90-24E2-4285-8577-5BD61ECE78E0}.Release|x64.ActiveCfg = Release|Any CPU
		{DC802B90-24E2-4285-8577-5BD61ECE78E0}.Release|x64.Build.0 = Release|Any CPU
		{DC802B90-24E2-4285-8577-5BD61ECE78E0}.Release|x86.ActiveCfg = Release|Any CPU
		{DC802B90-24E2-4285-8577-5BD61ECE78E0}.Release|x86.Build.0 = Release|Any CPU
		{A796C158-8BE8-4CB8-A1FA-DA8F7934DF25}.Debug|Any CPU.ActiveCfg = Debug|Any CPU
		{A796C158-8BE8-4CB8-A1FA-DA8F7934DF25}.Debug|Any CPU.Build.0 = Debug|Any CPU
		{A796C158-8BE8-4CB8-A1FA-DA8F7934DF25}.Debug|ARM.ActiveCfg = Debug|Any CPU
		{A796C158-8BE8-4CB8-A1FA-DA8F7934DF25}.Debug|ARM.Build.0 = Debug|Any CPU
		{A796C158-8BE8-4CB8-A1FA-DA8F7934DF25}.Debug|ARM64.ActiveCfg = Debug|Any CPU
		{A796C158-8BE8-4CB8-A1FA-DA8F7934DF25}.Debug|ARM64.Build.0 = Debug|Any CPU
		{A796C158-8BE8-4CB8-A1FA-DA8F7934DF25}.Debug|x64.ActiveCfg = Debug|Any CPU
		{A796C158-8BE8-4CB8-A1FA-DA8F7934DF25}.Debug|x64.Build.0 = Debug|Any CPU
		{A796C158-8BE8-4CB8-A1FA-DA8F7934DF25}.Debug|x86.ActiveCfg = Debug|Any CPU
		{A796C158-8BE8-4CB8-A1FA-DA8F7934DF25}.Debug|x86.Build.0 = Debug|Any CPU
		{A796C158-8BE8-4CB8-A1FA-DA8F7934DF25}.Release|Any CPU.ActiveCfg = Release|Any CPU
		{A796C158-8BE8-4CB8-A1FA-DA8F7934DF25}.Release|Any CPU.Build.0 = Release|Any CPU
		{A796C158-8BE8-4CB8-A1FA-DA8F7934DF25}.Release|ARM.ActiveCfg = Release|Any CPU
		{A796C158-8BE8-4CB8-A1FA-DA8F7934DF25}.Release|ARM.Build.0 = Release|Any CPU
		{A796C158-8BE8-4CB8-A1FA-DA8F7934DF25}.Release|ARM64.ActiveCfg = Release|Any CPU
		{A796C158-8BE8-4CB8-A1FA-DA8F7934DF25}.Release|ARM64.Build.0 = Release|Any CPU
		{A796C158-8BE8-4CB8-A1FA-DA8F7934DF25}.Release|x64.ActiveCfg = Release|Any CPU
		{A796C158-8BE8-4CB8-A1FA-DA8F7934DF25}.Release|x64.Build.0 = Release|Any CPU
		{A796C158-8BE8-4CB8-A1FA-DA8F7934DF25}.Release|x86.ActiveCfg = Release|Any CPU
		{A796C158-8BE8-4CB8-A1FA-DA8F7934DF25}.Release|x86.Build.0 = Release|Any CPU
		{CD6AAE23-3C9A-45AC-BCC1-32FCE5563C9E}.Debug|Any CPU.ActiveCfg = Debug|Any CPU
		{CD6AAE23-3C9A-45AC-BCC1-32FCE5563C9E}.Debug|Any CPU.Build.0 = Debug|Any CPU
		{CD6AAE23-3C9A-45AC-BCC1-32FCE5563C9E}.Debug|ARM.ActiveCfg = Debug|ARM
		{CD6AAE23-3C9A-45AC-BCC1-32FCE5563C9E}.Debug|ARM.Build.0 = Debug|ARM
		{CD6AAE23-3C9A-45AC-BCC1-32FCE5563C9E}.Debug|ARM64.ActiveCfg = Debug|ARM64
		{CD6AAE23-3C9A-45AC-BCC1-32FCE5563C9E}.Debug|ARM64.Build.0 = Debug|ARM64
		{CD6AAE23-3C9A-45AC-BCC1-32FCE5563C9E}.Debug|x64.ActiveCfg = Debug|x64
		{CD6AAE23-3C9A-45AC-BCC1-32FCE5563C9E}.Debug|x64.Build.0 = Debug|x64
		{CD6AAE23-3C9A-45AC-BCC1-32FCE5563C9E}.Debug|x86.ActiveCfg = Debug|Any CPU
		{CD6AAE23-3C9A-45AC-BCC1-32FCE5563C9E}.Debug|x86.Build.0 = Debug|Any CPU
		{CD6AAE23-3C9A-45AC-BCC1-32FCE5563C9E}.Release|Any CPU.ActiveCfg = Release|Any CPU
		{CD6AAE23-3C9A-45AC-BCC1-32FCE5563C9E}.Release|Any CPU.Build.0 = Release|Any CPU
		{CD6AAE23-3C9A-45AC-BCC1-32FCE5563C9E}.Release|ARM.ActiveCfg = Release|ARM
		{CD6AAE23-3C9A-45AC-BCC1-32FCE5563C9E}.Release|ARM.Build.0 = Release|ARM
		{CD6AAE23-3C9A-45AC-BCC1-32FCE5563C9E}.Release|ARM64.ActiveCfg = Release|ARM64
		{CD6AAE23-3C9A-45AC-BCC1-32FCE5563C9E}.Release|ARM64.Build.0 = Release|ARM64
		{CD6AAE23-3C9A-45AC-BCC1-32FCE5563C9E}.Release|x64.ActiveCfg = Release|x64
		{CD6AAE23-3C9A-45AC-BCC1-32FCE5563C9E}.Release|x64.Build.0 = Release|x64
		{CD6AAE23-3C9A-45AC-BCC1-32FCE5563C9E}.Release|x86.ActiveCfg = Release|x86
		{CD6AAE23-3C9A-45AC-BCC1-32FCE5563C9E}.Release|x86.Build.0 = Release|x86
		{EE8B3C29-907A-49DB-9FBE-A6070BEC69E6}.Debug|Any CPU.ActiveCfg = Debug|x86
		{EE8B3C29-907A-49DB-9FBE-A6070BEC69E6}.Debug|ARM.ActiveCfg = Debug|ARM
		{EE8B3C29-907A-49DB-9FBE-A6070BEC69E6}.Debug|ARM.Build.0 = Debug|ARM
		{EE8B3C29-907A-49DB-9FBE-A6070BEC69E6}.Debug|ARM.Deploy.0 = Debug|ARM
		{EE8B3C29-907A-49DB-9FBE-A6070BEC69E6}.Debug|ARM64.ActiveCfg = Debug|ARM64
		{EE8B3C29-907A-49DB-9FBE-A6070BEC69E6}.Debug|ARM64.Build.0 = Debug|ARM64
		{EE8B3C29-907A-49DB-9FBE-A6070BEC69E6}.Debug|ARM64.Deploy.0 = Debug|ARM64
		{EE8B3C29-907A-49DB-9FBE-A6070BEC69E6}.Debug|x64.ActiveCfg = Debug|x64
		{EE8B3C29-907A-49DB-9FBE-A6070BEC69E6}.Debug|x64.Build.0 = Debug|x64
		{EE8B3C29-907A-49DB-9FBE-A6070BEC69E6}.Debug|x64.Deploy.0 = Debug|x64
		{EE8B3C29-907A-49DB-9FBE-A6070BEC69E6}.Debug|x86.ActiveCfg = Debug|x86
		{EE8B3C29-907A-49DB-9FBE-A6070BEC69E6}.Debug|x86.Build.0 = Debug|x86
		{EE8B3C29-907A-49DB-9FBE-A6070BEC69E6}.Debug|x86.Deploy.0 = Debug|x86
		{EE8B3C29-907A-49DB-9FBE-A6070BEC69E6}.Release|Any CPU.ActiveCfg = Release|x86
		{EE8B3C29-907A-49DB-9FBE-A6070BEC69E6}.Release|ARM.ActiveCfg = Release|ARM
		{EE8B3C29-907A-49DB-9FBE-A6070BEC69E6}.Release|ARM.Build.0 = Release|ARM
		{EE8B3C29-907A-49DB-9FBE-A6070BEC69E6}.Release|ARM.Deploy.0 = Release|ARM
		{EE8B3C29-907A-49DB-9FBE-A6070BEC69E6}.Release|ARM64.ActiveCfg = Release|ARM64
		{EE8B3C29-907A-49DB-9FBE-A6070BEC69E6}.Release|ARM64.Build.0 = Release|ARM64
		{EE8B3C29-907A-49DB-9FBE-A6070BEC69E6}.Release|ARM64.Deploy.0 = Release|ARM64
		{EE8B3C29-907A-49DB-9FBE-A6070BEC69E6}.Release|x64.ActiveCfg = Release|x64
		{EE8B3C29-907A-49DB-9FBE-A6070BEC69E6}.Release|x64.Build.0 = Release|x64
		{EE8B3C29-907A-49DB-9FBE-A6070BEC69E6}.Release|x64.Deploy.0 = Release|x64
		{EE8B3C29-907A-49DB-9FBE-A6070BEC69E6}.Release|x86.ActiveCfg = Release|x86
		{EE8B3C29-907A-49DB-9FBE-A6070BEC69E6}.Release|x86.Build.0 = Release|x86
		{EE8B3C29-907A-49DB-9FBE-A6070BEC69E6}.Release|x86.Deploy.0 = Release|x86
		{3B6AF409-0600-49BF-8C25-256C363E528C}.Debug|Any CPU.ActiveCfg = Debug|Any CPU
		{3B6AF409-0600-49BF-8C25-256C363E528C}.Debug|Any CPU.Build.0 = Debug|Any CPU
		{3B6AF409-0600-49BF-8C25-256C363E528C}.Debug|ARM.ActiveCfg = Debug|Any CPU
		{3B6AF409-0600-49BF-8C25-256C363E528C}.Debug|ARM.Build.0 = Debug|Any CPU
		{3B6AF409-0600-49BF-8C25-256C363E528C}.Debug|ARM64.ActiveCfg = Debug|Any CPU
		{3B6AF409-0600-49BF-8C25-256C363E528C}.Debug|ARM64.Build.0 = Debug|Any CPU
		{3B6AF409-0600-49BF-8C25-256C363E528C}.Debug|x64.ActiveCfg = Debug|Any CPU
		{3B6AF409-0600-49BF-8C25-256C363E528C}.Debug|x64.Build.0 = Debug|Any CPU
		{3B6AF409-0600-49BF-8C25-256C363E528C}.Debug|x86.ActiveCfg = Debug|Any CPU
		{3B6AF409-0600-49BF-8C25-256C363E528C}.Debug|x86.Build.0 = Debug|Any CPU
		{3B6AF409-0600-49BF-8C25-256C363E528C}.Release|Any CPU.ActiveCfg = Release|Any CPU
		{3B6AF409-0600-49BF-8C25-256C363E528C}.Release|Any CPU.Build.0 = Release|Any CPU
		{3B6AF409-0600-49BF-8C25-256C363E528C}.Release|ARM.ActiveCfg = Release|Any CPU
		{3B6AF409-0600-49BF-8C25-256C363E528C}.Release|ARM.Build.0 = Release|Any CPU
		{3B6AF409-0600-49BF-8C25-256C363E528C}.Release|ARM64.ActiveCfg = Release|Any CPU
		{3B6AF409-0600-49BF-8C25-256C363E528C}.Release|ARM64.Build.0 = Release|Any CPU
		{3B6AF409-0600-49BF-8C25-256C363E528C}.Release|x64.ActiveCfg = Release|Any CPU
		{3B6AF409-0600-49BF-8C25-256C363E528C}.Release|x64.Build.0 = Release|Any CPU
		{3B6AF409-0600-49BF-8C25-256C363E528C}.Release|x86.ActiveCfg = Release|Any CPU
		{3B6AF409-0600-49BF-8C25-256C363E528C}.Release|x86.Build.0 = Release|Any CPU
	EndGlobalSection
	GlobalSection(SolutionProperties) = preSolution
		HideSolutionNode = FALSE
	EndGlobalSection
	GlobalSection(NestedProjects) = preSolution
		{DC802B90-24E2-4285-8577-5BD61ECE78E0} = {8462F829-D1FE-4623-A6A0-8267D8A63697}
		{A796C158-8BE8-4CB8-A1FA-DA8F7934DF25} = {8462F829-D1FE-4623-A6A0-8267D8A63697}
		{CD6AAE23-3C9A-45AC-BCC1-32FCE5563C9E} = {8462F829-D1FE-4623-A6A0-8267D8A63697}
		{EE8B3C29-907A-49DB-9FBE-A6070BEC69E6} = {118D41B3-B052-4C0D-BB18-CA5C0169BA75}
		{3B6AF409-0600-49BF-8C25-256C363E528C} = {118D41B3-B052-4C0D-BB18-CA5C0169BA75}
	EndGlobalSection
	GlobalSection(ExtensibilityGlobals) = postSolution
		SolutionGuid = {567F943F-5C44-4388-B391-FB767CDFA5A0}
	EndGlobalSection
EndGlobal
